
Microsoft Visual Studio Solution File, Format Version 12.00
# Visual Studio Version 17
VisualStudioVersion = 17.11.35327.3
MinimumVisualStudioVersion = 10.0.40219.1
Project("{9A19103F-16F7-4668-BE54-9A1E7A4F7556}") = "DataViewModelLib", "DataViewModelLib\DataViewModelLib.csproj", "{5C4272A9-572E-4759-8FE3-E9D7D4CA3AE0}"
EndProject
Project("{9A19103F-16F7-4668-BE54-9A1E7A4F7556}") = "TestGUI", "TestGUI\TestGUI.csproj", "{8F2BBF27-31AE-4372-B960-DA1EBE56A1D6}"
EndProject
Project("{9A19103F-16F7-4668-BE54-9A1E7A4F7556}") = "DataViewModelLib.UnitTests", "DataViewModelLib.UnitTests\DataViewModelLib.UnitTests.csproj", "{9C597197-0DFB-4A9A-892E-4EA6602D4415}"
EndProject
Project("{9A19103F-16F7-4668-BE54-9A1E7A4F7556}") = "TestGUI.UnitTests", "TestGUI.UnitTests\TestGUI.UnitTests.csproj", "{29CA4032-F656-4BF5-8318-734585B9A983}"
EndProject
Project("{9A19103F-16F7-4668-BE54-9A1E7A4F7556}") = "TestGUI.Data", "TestGUI.Data\TestGUI.Data.csproj", "{7C653773-0183-472D-B153-E8FBF7FB420C}"
EndProject
Project("{9A19103F-16F7-4668-BE54-9A1E7A4F7556}") = "DataModelLib.Common", "..\DataModelLib\DataModelLib.Common\DataModelLib.Common.csproj", "{B6A696DE-B5E3-4920-A648-58FD6D1A5064}"
EndProject
Project("{9A19103F-16F7-4668-BE54-9A1E7A4F7556}") = "DataModelLib", "..\DataModelLib\DataModelLib\DataModelLib.csproj", "{13462452-2263-4084-B942-DB600D98B217}"
EndProject
Project("{2150E333-8FDC-42A3-9474-1A3956D46DE8}") = "3-Unit tests", "3-Unit tests", "{5A1A2827-9B58-481E-B565-619D4331E2D5}"
EndProject
Project("{2150E333-8FDC-42A3-9474-1A3956D46DE8}") = "1-ModelLibs", "1-ModelLibs", "{A474254D-C2BA-4CB2-97DF-32208490BB3B}"
EndProject
Project("{2150E333-8FDC-42A3-9474-1A3956D46DE8}") = "2-ViewModelLibs", "2-ViewModelLibs", "{EF8894BF-6D65-41E5-AD93-9CF763A66622}"
EndProject
Project("{9A19103F-16F7-4668-BE54-9A1E7A4F7556}") = "DataModelLib.UnitTests", "..\DataModelLib\DataModelLib.UnitTests\DataModelLib.UnitTests.csproj", "{9F580F5A-36B6-4B95-8916-07D9A2102735}"
EndProject
Project("{9A19103F-16F7-4668-BE54-9A1E7A4F7556}") = "LibraryExample.UnitTests", "..\DataModelLib\LibraryExample.UnitTests\LibraryExample.UnitTests.csproj", "{78EA3A11-C4FE-4695-BEDE-BAECBAA0F506}"
EndProject
Global
	GlobalSection(SolutionConfigurationPlatforms) = preSolution
		Debug|Any CPU = Debug|Any CPU
		Release|Any CPU = Release|Any CPU
	EndGlobalSection
	GlobalSection(ProjectConfigurationPlatforms) = postSolution
		{5C4272A9-572E-4759-8FE3-E9D7D4CA3AE0}.Debug|Any CPU.ActiveCfg = Debug|Any CPU
		{5C4272A9-572E-4759-8FE3-E9D7D4CA3AE0}.Debug|Any CPU.Build.0 = Debug|Any CPU
		{5C4272A9-572E-4759-8FE3-E9D7D4CA3AE0}.Release|Any CPU.ActiveCfg = Release|Any CPU
		{5C4272A9-572E-4759-8FE3-E9D7D4CA3AE0}.Release|Any CPU.Build.0 = Release|Any CPU
		{8F2BBF27-31AE-4372-B960-DA1EBE56A1D6}.Debug|Any CPU.ActiveCfg = Debug|Any CPU
		{8F2BBF27-31AE-4372-B960-DA1EBE56A1D6}.Debug|Any CPU.Build.0 = Debug|Any CPU
		{8F2BBF27-31AE-4372-B960-DA1EBE56A1D6}.Release|Any CPU.ActiveCfg = Release|Any CPU
		{8F2BBF27-31AE-4372-B960-DA1EBE56A1D6}.Release|Any CPU.Build.0 = Release|Any CPU
		{9C597197-0DFB-4A9A-892E-4EA6602D4415}.Debug|Any CPU.ActiveCfg = Debug|Any CPU
		{9C597197-0DFB-4A9A-892E-4EA6602D4415}.Debug|Any CPU.Build.0 = Debug|Any CPU
		{9C597197-0DFB-4A9A-892E-4EA6602D4415}.Release|Any CPU.ActiveCfg = Release|Any CPU
		{9C597197-0DFB-4A9A-892E-4EA6602D4415}.Release|Any CPU.Build.0 = Release|Any CPU
		{29CA4032-F656-4BF5-8318-734585B9A983}.Debug|Any CPU.ActiveCfg = Debug|Any CPU
		{29CA4032-F656-4BF5-8318-734585B9A983}.Debug|Any CPU.Build.0 = Debug|Any CPU
		{29CA4032-F656-4BF5-8318-734585B9A983}.Release|Any CPU.ActiveCfg = Release|Any CPU
		{29CA4032-F656-4BF5-8318-734585B9A983}.Release|Any CPU.Build.0 = Release|Any CPU
		{7C653773-0183-472D-B153-E8FBF7FB420C}.Debug|Any CPU.ActiveCfg = Debug|Any CPU
		{7C653773-0183-472D-B153-E8FBF7FB420C}.Debug|Any CPU.Build.0 = Debug|Any CPU
		{7C653773-0183-472D-B153-E8FBF7FB420C}.Release|Any CPU.ActiveCfg = Release|Any CPU
		{7C653773-0183-472D-B153-E8FBF7FB420C}.Release|Any CPU.Build.0 = Release|Any CPU
		{B6A696DE-B5E3-4920-A648-58FD6D1A5064}.Debug|Any CPU.ActiveCfg = Debug|Any CPU
		{B6A696DE-B5E3-4920-A648-58FD6D1A5064}.Debug|Any CPU.Build.0 = Debug|Any CPU
		{B6A696DE-B5E3-4920-A648-58FD6D1A5064}.Release|Any CPU.ActiveCfg = Release|Any CPU
		{B6A696DE-B5E3-4920-A648-58FD6D1A5064}.Release|Any CPU.Build.0 = Release|Any CPU
		{13462452-2263-4084-B942-DB600D98B217}.Debug|Any CPU.ActiveCfg = Debug|Any CPU
		{13462452-2263-4084-B942-DB600D98B217}.Debug|Any CPU.Build.0 = Debug|Any CPU
		{13462452-2263-4084-B942-DB600D98B217}.Release|Any CPU.ActiveCfg = Release|Any CPU
		{13462452-2263-4084-B942-DB600D98B217}.Release|Any CPU.Build.0 = Release|Any CPU
		{9F580F5A-36B6-4B95-8916-07D9A2102735}.Debug|Any CPU.ActiveCfg = Debug|Any CPU
		{9F580F5A-36B6-4B95-8916-07D9A2102735}.Debug|Any CPU.Build.0 = Debug|Any CPU
		{9F580F5A-36B6-4B95-8916-07D9A2102735}.Release|Any CPU.ActiveCfg = Release|Any CPU
		{9F580F5A-36B6-4B95-8916-07D9A2102735}.Release|Any CPU.Build.0 = Release|Any CPU
		{78EA3A11-C4FE-4695-BEDE-BAECBAA0F506}.Debug|Any CPU.ActiveCfg = Debug|Any CPU
		{78EA3A11-C4FE-4695-BEDE-BAECBAA0F506}.Debug|Any CPU.Build.0 = Debug|Any CPU
		{78EA3A11-C4FE-4695-BEDE-BAECBAA0F506}.Release|Any CPU.ActiveCfg = Release|Any CPU
		{78EA3A11-C4FE-4695-BEDE-BAECBAA0F506}.Release|Any CPU.Build.0 = Release|Any CPU
	EndGlobalSection
	GlobalSection(SolutionProperties) = preSolution
		HideSolutionNode = FALSE
	EndGlobalSection
	GlobalSection(NestedProjects) = preSolution
		{5C4272A9-572E-4759-8FE3-E9D7D4CA3AE0} = {EF8894BF-6D65-41E5-AD93-9CF763A66622}
		{9C597197-0DFB-4A9A-892E-4EA6602D4415} = {5A1A2827-9B58-481E-B565-619D4331E2D5}
		{29CA4032-F656-4BF5-8318-734585B9A983} = {5A1A2827-9B58-481E-B565-619D4331E2D5}
		{B6A696DE-B5E3-4920-A648-58FD6D1A5064} = {A474254D-C2BA-4CB2-97DF-32208490BB3B}
		{13462452-2263-4084-B942-DB600D98B217} = {A474254D-C2BA-4CB2-97DF-32208490BB3B}
		{9F580F5A-36B6-4B95-8916-07D9A2102735} = {5A1A2827-9B58-481E-B565-619D4331E2D5}
		{78EA3A11-C4FE-4695-BEDE-BAECBAA0F506} = {5A1A2827-9B58-481E-B565-619D4331E2D5}
	EndGlobalSection
	GlobalSection(ExtensibilityGlobals) = postSolution
		SolutionGuid = {BAE4509A-DFF7-4656-BC42-96D845E1EB38}
	EndGlobalSection
EndGlobal
