
Microsoft Visual Studio Solution File, Format Version 12.00
# Visual Studio Version 17
VisualStudioVersion = 17.11.35327.3
MinimumVisualStudioVersion = 10.0.40219.1
Project("{9A19103F-16F7-4668-BE54-9A1E7A4F7556}") = "DataViewModelLib", "DataViewModelLib\DataViewModelLib.csproj", "{5C4272A9-572E-4759-8FE3-E9D7D4CA3AE0}"
EndProject
Project("{9A19103F-16F7-4668-BE54-9A1E7A4F7556}") = "TestGUI", "TestGUI\TestGUI.csproj", "{8F2BBF27-31AE-4372-B960-DA1EBE56A1D6}"
EndProject
Project("{9A19103F-16F7-4668-BE54-9A1E7A4F7556}") = "DataViewModelLib.UnitTests", "DataViewModelLib.UnitTests\DataViewModelLib.UnitTests.csproj", "{9C597197-0DFB-4A9A-892E-4EA6602D4415}"
EndProject
Project("{9A19103F-16F7-4668-BE54-9A1E7A4F7556}") = "DataModelLib.Common", "..\DataModelLib\DataModelLib.Common\DataModelLib.Common.csproj", "{5330840D-2B93-40A8-B044-2B3FC5BD270B}"
EndProject
Project("{FAE04EC0-301F-11D3-BF4B-00C04F79EFBC}") = "TestGUI.UnitTests", "TestGUI.UnitTests\TestGUI.UnitTests.csproj", "{29CA4032-F656-4BF5-8318-734585B9A983}"
EndProject
Project("{FAE04EC0-301F-11D3-BF4B-00C04F79EFBC}") = "TestGUI.Data", "TestGUI.Data\TestGUI.Data.csproj", "{7C653773-0183-472D-B153-E8FBF7FB420C}"
EndProject
Global
	GlobalSection(SolutionConfigurationPlatforms) = preSolution
		Debug|Any CPU = Debug|Any CPU
		Release|Any CPU = Release|Any CPU
	EndGlobalSection
	GlobalSection(ProjectConfigurationPlatforms) = postSolution
		{5C4272A9-572E-4759-8FE3-E9D7D4CA3AE0}.Debug|Any CPU.ActiveCfg = Debug|Any CPU
		{5C4272A9-572E-4759-8FE3-E9D7D4CA3AE0}.Debug|Any CPU.Build.0 = Debug|Any CPU
		{5C4272A9-572E-4759-8FE3-E9D7D4CA3AE0}.Release|Any CPU.ActiveCfg = Release|Any CPU
		{5C4272A9-572E-4759-8FE3-E9D7D4CA3AE0}.Release|Any CPU.Build.0 = Release|Any CPU
		{8F2BBF27-31AE-4372-B960-DA1EBE56A1D6}.Debug|Any CPU.ActiveCfg = Debug|Any CPU
		{8F2BBF27-31AE-4372-B960-DA1EBE56A1D6}.Debug|Any CPU.Build.0 = Debug|Any CPU
		{8F2BBF27-31AE-4372-B960-DA1EBE56A1D6}.Release|Any CPU.ActiveCfg = Release|Any CPU
		{8F2BBF27-31AE-4372-B960-DA1EBE56A1D6}.Release|Any CPU.Build.0 = Release|Any CPU
		{9C597197-0DFB-4A9A-892E-4EA6602D4415}.Debug|Any CPU.ActiveCfg = Debug|Any CPU
		{9C597197-0DFB-4A9A-892E-4EA6602D4415}.Debug|Any CPU.Build.0 = Debug|Any CPU
		{9C597197-0DFB-4A9A-892E-4EA6602D4415}.Release|Any CPU.ActiveCfg = Release|Any CPU
		{9C597197-0DFB-4A9A-892E-4EA6602D4415}.Release|Any CPU.Build.0 = Release|Any CPU
		{5330840D-2B93-40A8-B044-2B3FC5BD270B}.Debug|Any CPU.ActiveCfg = Debug|Any CPU
		{5330840D-2B93-40A8-B044-2B3FC5BD270B}.Debug|Any CPU.Build.0 = Debug|Any CPU
		{5330840D-2B93-40A8-B044-2B3FC5BD270B}.Release|Any CPU.ActiveCfg = Release|Any CPU
		{5330840D-2B93-40A8-B044-2B3FC5BD270B}.Release|Any CPU.Build.0 = Release|Any CPU
		{29CA4032-F656-4BF5-8318-734585B9A983}.Debug|Any CPU.ActiveCfg = Debug|Any CPU
		{29CA4032-F656-4BF5-8318-734585B9A983}.Debug|Any CPU.Build.0 = Debug|Any CPU
		{29CA4032-F656-4BF5-8318-734585B9A983}.Release|Any CPU.ActiveCfg = Release|Any CPU
		{29CA4032-F656-4BF5-8318-734585B9A983}.Release|Any CPU.Build.0 = Release|Any CPU
		{7C653773-0183-472D-B153-E8FBF7FB420C}.Debug|Any CPU.ActiveCfg = Debug|Any CPU
		{7C653773-0183-472D-B153-E8FBF7FB420C}.Debug|Any CPU.Build.0 = Debug|Any CPU
		{7C653773-0183-472D-B153-E8FBF7FB420C}.Release|Any CPU.ActiveCfg = Release|Any CPU
		{7C653773-0183-472D-B153-E8FBF7FB420C}.Release|Any CPU.Build.0 = Release|Any CPU
	EndGlobalSection
	GlobalSection(SolutionProperties) = preSolution
		HideSolutionNode = FALSE
	EndGlobalSection
	GlobalSection(ExtensibilityGlobals) = postSolution
		SolutionGuid = {BAE4509A-DFF7-4656-BC42-96D845E1EB38}
	EndGlobalSection
EndGlobal
